
Microsoft Visual Studio Solution File, Format Version 12.00
# Visual Studio Version 17
VisualStudioVersion = 17.1.32421.90
MinimumVisualStudioVersion = 10.0.40219.1
Project("{9A19103F-16F7-4668-BE54-9A1E7A4F7556}") = "Blogger.API", "Blogger.API.csproj", "{D834A34D-949D-4F49-B18C-1DD604650FF5}"
EndProject
Project("{9A19103F-16F7-4668-BE54-9A1E7A4F7556}") = "Blogger.BLL", "..\Blogger.BLL\Blogger.BLL.csproj", "{781BA4C7-C179-4996-BDEA-546279E2B1E7}"
EndProject
Project("{9A19103F-16F7-4668-BE54-9A1E7A4F7556}") = "Blogger.DAL", "..\Blogger.DAL\Blogger.DAL.csproj", "{1CA2AAAF-53F0-4993-BDEF-5CC44073B336}"
EndProject
Global
	GlobalSection(SolutionConfigurationPlatforms) = preSolution
		Debug|Any CPU = Debug|Any CPU
		Release|Any CPU = Release|Any CPU
	EndGlobalSection
	GlobalSection(ProjectConfigurationPlatforms) = postSolution
		{D834A34D-949D-4F49-B18C-1DD604650FF5}.Debug|Any CPU.ActiveCfg = Debug|Any CPU
		{D834A34D-949D-4F49-B18C-1DD604650FF5}.Debug|Any CPU.Build.0 = Debug|Any CPU
		{D834A34D-949D-4F49-B18C-1DD604650FF5}.Release|Any CPU.ActiveCfg = Release|Any CPU
		{D834A34D-949D-4F49-B18C-1DD604650FF5}.Release|Any CPU.Build.0 = Release|Any CPU
		{781BA4C7-C179-4996-BDEA-546279E2B1E7}.Debug|Any CPU.ActiveCfg = Debug|Any CPU
		{781BA4C7-C179-4996-BDEA-546279E2B1E7}.Debug|Any CPU.Build.0 = Debug|Any CPU
		{781BA4C7-C179-4996-BDEA-546279E2B1E7}.Release|Any CPU.ActiveCfg = Release|Any CPU
		{781BA4C7-C179-4996-BDEA-546279E2B1E7}.Release|Any CPU.Build.0 = Release|Any CPU
		{1CA2AAAF-53F0-4993-BDEF-5CC44073B336}.Debug|Any CPU.ActiveCfg = Debug|Any CPU
		{1CA2AAAF-53F0-4993-BDEF-5CC44073B336}.Debug|Any CPU.Build.0 = Debug|Any CPU
		{1CA2AAAF-53F0-4993-BDEF-5CC44073B336}.Release|Any CPU.ActiveCfg = Release|Any CPU
		{1CA2AAAF-53F0-4993-BDEF-5CC44073B336}.Release|Any CPU.Build.0 = Release|Any CPU
	EndGlobalSection
	GlobalSection(SolutionProperties) = preSolution
		HideSolutionNode = FALSE
	EndGlobalSection
	GlobalSection(ExtensibilityGlobals) = postSolution
		SolutionGuid = {0E678EF5-97E2-4E1E-A1DB-BDAB19781A60}
	EndGlobalSection
EndGlobal
